
Microsoft Visual Studio Solution File, Format Version 12.00
# Visual Studio 15
VisualStudioVersion = 15.0.28307.168
MinimumVisualStudioVersion = 10.0.40219.1
Project("{FAE04EC0-301F-11D3-BF4B-00C04F79EFBC}") = "EscolaApp", "EscolaApp\EscolaApp.csproj", "{B4D73C09-4D87-435C-930D-CA793C050597}"
EndProject
Project("{9A19103F-16F7-4668-BE54-9A1E7A4F7556}") = "Modelo", "Modelo\Modelo.csproj", "{7C0DDEB5-EC63-4C4A-87CB-E3939BF25163}"
EndProject
Project("{FAE04EC0-301F-11D3-BF4B-00C04F79EFBC}") = "Persistencia", "Persistencia\Persistencia.csproj", "{8D4B7F34-9F5B-4C99-898C-C1809E668305}"
EndProject
Project("{FAE04EC0-301F-11D3-BF4B-00C04F79EFBC}") = "Negocio", "Negocio\Negocio.csproj", "{E8533CD3-B062-4E35-A962-2FBF2235D4D1}"
EndProject
Global
	GlobalSection(SolutionConfigurationPlatforms) = preSolution
		Debug|Any CPU = Debug|Any CPU
		Release|Any CPU = Release|Any CPU
	EndGlobalSection
	GlobalSection(ProjectConfigurationPlatforms) = postSolution
		{B4D73C09-4D87-435C-930D-CA793C050597}.Debug|Any CPU.ActiveCfg = Debug|Any CPU
		{B4D73C09-4D87-435C-930D-CA793C050597}.Debug|Any CPU.Build.0 = Debug|Any CPU
		{B4D73C09-4D87-435C-930D-CA793C050597}.Release|Any CPU.ActiveCfg = Release|Any CPU
		{B4D73C09-4D87-435C-930D-CA793C050597}.Release|Any CPU.Build.0 = Release|Any CPU
		{7C0DDEB5-EC63-4C4A-87CB-E3939BF25163}.Debug|Any CPU.ActiveCfg = Debug|Any CPU
		{7C0DDEB5-EC63-4C4A-87CB-E3939BF25163}.Debug|Any CPU.Build.0 = Debug|Any CPU
		{7C0DDEB5-EC63-4C4A-87CB-E3939BF25163}.Release|Any CPU.ActiveCfg = Release|Any CPU
		{7C0DDEB5-EC63-4C4A-87CB-E3939BF25163}.Release|Any CPU.Build.0 = Release|Any CPU
		{8D4B7F34-9F5B-4C99-898C-C1809E668305}.Debug|Any CPU.ActiveCfg = Debug|Any CPU
		{8D4B7F34-9F5B-4C99-898C-C1809E668305}.Debug|Any CPU.Build.0 = Debug|Any CPU
		{8D4B7F34-9F5B-4C99-898C-C1809E668305}.Release|Any CPU.ActiveCfg = Release|Any CPU
		{8D4B7F34-9F5B-4C99-898C-C1809E668305}.Release|Any CPU.Build.0 = Release|Any CPU
		{E8533CD3-B062-4E35-A962-2FBF2235D4D1}.Debug|Any CPU.ActiveCfg = Debug|Any CPU
		{E8533CD3-B062-4E35-A962-2FBF2235D4D1}.Debug|Any CPU.Build.0 = Debug|Any CPU
		{E8533CD3-B062-4E35-A962-2FBF2235D4D1}.Release|Any CPU.ActiveCfg = Release|Any CPU
		{E8533CD3-B062-4E35-A962-2FBF2235D4D1}.Release|Any CPU.Build.0 = Release|Any CPU
	EndGlobalSection
	GlobalSection(SolutionProperties) = preSolution
		HideSolutionNode = FALSE
	EndGlobalSection
	GlobalSection(ExtensibilityGlobals) = postSolution
		SolutionGuid = {29344011-7B2B-4DEB-B2F3-E6DF064A8E70}
	EndGlobalSection
EndGlobal
